hash: baf0a0248121dd9220c69a50ebbe4afd0e1b8cab502fc47b8c13e181672d6410
updated: 2017-06-24T19:48:37.512744687+08:00
imports:
- name: github.com/pfctgeorge/bar
  version: f9966cb1e2001a941e6437fbb96639d66b75a559
- name: github.com/pfctgeorge/foo
  version: 5f61af17120d1cec0fc60670f80ddc184c24d830
testImports: []
