hash: e31a3128fa8c269a67f3e6b1b8bd80b4b615d74bc1be1be6860585e2d98210b2
updated: 2017-06-24T19:04:42.873581021+08:00
imports:
- name: github.com/pfctgeorge/bar
  version: 55dbf972fcb32d4a37279e59437ceffd42e12c33
- name: github.com/pfctgeorge/foo
  version: 568dbfb6e5d4d2006df7663d856e1518d7c75ae0
testImports: []
